// !$*UTF8*$!
{
	archiveVersion = 1;
	classes = {
	};
	objectVersion = 46;
	objects = {

/* Begin PBXBuildFile section */
		84FF54201D1A983500072CD6 /* AppDelegate.swift in Sources */ = {isa = PBXBuildFile; fileRef = 84FF541F1D1A983500072CD6 /* AppDelegate.swift */; };
		84FF54221D1A983500072CD6 /* ViewController.swift in Sources */ = {isa = PBXBuildFile; fileRef = 84FF54211D1A983500072CD6 /* ViewController.swift */; };
		84FF54251D1A983500072CD6 /* Main.storyboard in Resources */ = {isa = PBXBuildFile; fileRef = 84FF54231D1A983500072CD6 /* Main.storyboard */; };
		84FF54271D1A983500072CD6 /* Assets.xcassets in Resources */ = {isa = PBXBuildFile; fileRef = 84FF54261D1A983500072CD6 /* Assets.xcassets */; };
		84FF542A1D1A983500072CD6 /* LaunchScreen.storyboard in Resources */ = {isa = PBXBuildFile; fileRef = 84FF54281D1A983500072CD6 /* LaunchScreen.storyboard */; };
		84FF54351D1A983500072CD6 /* mbcTests.swift in Sources */ = {isa = PBXBuildFile; fileRef = 84FF54341D1A983500072CD6 /* mbcTests.swift */; };
		84FF54401D1A983500072CD6 /* mbcUITests.swift in Sources */ = {isa = PBXBuildFile; fileRef = 84FF543F1D1A983500072CD6 /* mbcUITests.swift */; };
/* End PBXBuildFile section */

/* Begin PBXContainerItemProxy section */
		84FF54311D1A983500072CD6 /* PBXContainerItemProxy */ = {
			isa = PBXContainerItemProxy;
			containerPortal = 84FF54141D1A983500072CD6 /* Project object */;
			proxyType = 1;
			remoteGlobalIDString = 84FF541B1D1A983500072CD6;
			remoteInfo = mbc;
		};
		84FF543C1D1A983500072CD6 /* PBXContainerItemProxy */ = {
			isa = PBXContainerItemProxy;
			containerPortal = 84FF54141D1A983500072CD6 /* Project object */;
			proxyType = 1;
			remoteGlobalIDString = 84FF541B1D1A983500072CD6;
			remoteInfo = mbc;
		};
/* End PBXContainerItemProxy section */

/* Begin PBXFileReference section */
		84FF541C1D1A983500072CD6 /* mbc.app */ = {isa = PBXFileReference; explicitFileType = wrapper.application; includeInIndex = 0; path = mbc.app; sourceTree = BUILT_PRODUCTS_DIR; };
		84FF541F1D1A983500072CD6 /* AppDelegate.swift */ = {isa = PBXFileReference; lastKnownFileType = sourcecode.swift; path = AppDelegate.swift; sourceTree = "<group>"; };
		84FF54211D1A983500072CD6 /* ViewController.swift */ = {isa = PBXFileReference; lastKnownFileType = sourcecode.swift; path = ViewController.swift; sourceTree = "<group>"; };
		84FF54241D1A983500072CD6 /* Base */ = {isa = PBXFileReference; lastKnownFileType = file.storyboard; name = Base; path = Base.lproj/Main.storyboard; sourceTree = "<group>"; };
		84FF54261D1A983500072CD6 /* Assets.xcassets */ = {isa = PBXFileReference; lastKnownFileType = folder.assetcatalog; path = Assets.xcassets; sourceTree = "<group>"; };
		84FF54291D1A983500072CD6 /* Base */ = {isa = PBXFileReference; lastKnownFileType = file.storyboard; name = Base; path = Base.lproj/LaunchScreen.storyboard; sourceTree = "<group>"; };
		84FF542B1D1A983500072CD6 /* Info.plist */ = {isa = PBXFileReference; lastKnownFileType = text.plist.xml; path = Info.plist; sourceTree = "<group>"; };
		84FF54301D1A983500072CD6 /* mbcTests.xctest */ = {isa = PBXFileReference; explicitFileType = wrapper.cfbundle; includeInIndex = 0; path = mbcTests.xctest; sourceTree = BUILT_PRODUCTS_DIR; };
		84FF54341D1A983500072CD6 /* mbcTests.swift */ = {isa = PBXFileReference; lastKnownFileType = sourcecode.swift; path = mbcTests.swift; sourceTree = "<group>"; };
		84FF54361D1A983500072CD6 /* Info.plist */ = {isa = PBXFileReference; lastKnownFileType = text.plist.xml; path = Info.plist; sourceTree = "<group>"; };
		84FF543B1D1A983500072CD6 /* mbcUITests.xctest */ = {isa = PBXFileReference; explicitFileType = wrapper.cfbundle; includeInIndex = 0; path = mbcUITests.xctest; sourceTree = BUILT_PRODUCTS_DIR; };
		84FF543F1D1A983500072CD6 /* mbcUITests.swift */ = {isa = PBXFileReference; lastKnownFileType = sourcecode.swift; path = mbcUITests.swift; sourceTree = "<group>"; };
		84FF54411D1A983500072CD6 /* Info.plist */ = {isa = PBXFileReference; lastKnownFileType = text.plist.xml; path = Info.plist; sourceTree = "<group>"; };
/* End PBXFileReference section */

/* Begin PBXFrameworksBuildPhase section */
		84FF54191D1A983500072CD6 /* Frameworks */ = {
			isa = PBXFrameworksBuildPhase;
			buildActionMask = 2147483647;
			files = (
			);
			runOnlyForDeploymentPostprocessing = 0;
		};
		84FF542D1D1A983500072CD6 /* Frameworks */ = {
			isa = PBXFrameworksBuildPhase;
			buildActionMask = 2147483647;
			files = (
			);
			runOnlyForDeploymentPostprocessing = 0;
		};
		84FF54381D1A983500072CD6 /* Frameworks */ = {
			isa = PBXFrameworksBuildPhase;
			buildActionMask = 2147483647;
			files = (
			);
			runOnlyForDeploymentPostprocessing = 0;
		};
/* End PBXFrameworksBuildPhase section */

/* Begin PBXGroup section */
		84FF54131D1A983500072CD6 = {
			isa = PBXGroup;
			children = (
				84FF541E1D1A983500072CD6 /* mbc */,
				84FF54331D1A983500072CD6 /* mbcTests */,
				84FF543E1D1A983500072CD6 /* mbcUITests */,
				84FF541D1D1A983500072CD6 /* Products */,
			);
			sourceTree = "<group>";
		};
		84FF541D1D1A983500072CD6 /* Products */ = {
			isa = PBXGroup;
			children = (
				84FF541C1D1A983500072CD6 /* mbc.app */,
				84FF54301D1A983500072CD6 /* mbcTests.xctest */,
				84FF543B1D1A983500072CD6 /* mbcUITests.xctest */,
			);
			name = Products;
			sourceTree = "<group>";
		};
		84FF541E1D1A983500072CD6 /* mbc */ = {
			isa = PBXGroup;
			children = (
				84FF541F1D1A983500072CD6 /* AppDelegate.swift */,
				84FF54211D1A983500072CD6 /* ViewController.swift */,
				84FF54231D1A983500072CD6 /* Main.storyboard */,
				84FF54261D1A983500072CD6 /* Assets.xcassets */,
				84FF54281D1A983500072CD6 /* LaunchScreen.storyboard */,
				84FF542B1D1A983500072CD6 /* Info.plist */,
			);
			path = mbc;
			sourceTree = "<group>";
		};
		84FF54331D1A983500072CD6 /* mbcTests */ = {
			isa = PBXGroup;
			children = (
				84FF54341D1A983500072CD6 /* mbcTests.swift */,
				84FF54361D1A983500072CD6 /* Info.plist */,
			);
			path = mbcTests;
			sourceTree = "<group>";
		};
		84FF543E1D1A983500072CD6 /* mbcUITests */ = {
			isa = PBXGroup;
			children = (
				84FF543F1D1A983500072CD6 /* mbcUITests.swift */,
				84FF54411D1A983500072CD6 /* Info.plist */,
			);
			path = mbcUITests;
			sourceTree = "<group>";
		};
/* End PBXGroup section */

/* Begin PBXNativeTarget section */
		84FF541B1D1A983500072CD6 /* mbc */ = {
			isa = PBXNativeTarget;
			buildConfigurationList = 84FF54441D1A983500072CD6 /* Build configuration list for PBXNativeTarget "mbc" */;
			buildPhases = (
				84FF54181D1A983500072CD6 /* Sources */,
				84FF54191D1A983500072CD6 /* Frameworks */,
				84FF541A1D1A983500072CD6 /* Resources */,
			);
			buildRules = (
			);
			dependencies = (
			);
			name = mbc;
			productName = mbc;
			productReference = 84FF541C1D1A983500072CD6 /* mbc.app */;
			productType = "com.apple.product-type.application";
		};
		84FF542F1D1A983500072CD6 /* mbcTests */ = {
			isa = PBXNativeTarget;
			buildConfigurationList = 84FF54471D1A983500072CD6 /* Build configuration list for PBXNativeTarget "mbcTests" */;
			buildPhases = (
				84FF542C1D1A983500072CD6 /* Sources */,
				84FF542D1D1A983500072CD6 /* Frameworks */,
				84FF542E1D1A983500072CD6 /* Resources */,
			);
			buildRules = (
			);
			dependencies = (
				84FF54321D1A983500072CD6 /* PBXTargetDependency */,
			);
			name = mbcTests;
			productName = mbcTests;
			productReference = 84FF54301D1A983500072CD6 /* mbcTests.xctest */;
			productType = "com.apple.product-type.bundle.unit-test";
		};
		84FF543A1D1A983500072CD6 /* mbcUITests */ = {
			isa = PBXNativeTarget;
			buildConfigurationList = 84FF544A1D1A983500072CD6 /* Build configuration list for PBXNativeTarget "mbcUITests" */;
			buildPhases = (
				84FF54371D1A983500072CD6 /* Sources */,
				84FF54381D1A983500072CD6 /* Frameworks */,
				84FF54391D1A983500072CD6 /* Resources */,
			);
			buildRules = (
			);
			dependencies = (
				84FF543D1D1A983500072CD6 /* PBXTargetDependency */,
			);
			name = mbcUITests;
			productName = mbcUITests;
			productReference = 84FF543B1D1A983500072CD6 /* mbcUITests.xctest */;
			productType = "com.apple.product-type.bundle.ui-testing";
		};
/* End PBXNativeTarget section */

/* Begin PBXProject section */
		84FF54141D1A983500072CD6 /* Project object */ = {
			isa = PBXProject;
			attributes = {
				LastSwiftUpdateCheck = 0730;
				LastUpgradeCheck = 0730;
				ORGANIZATIONNAME = 20141105047;
				TargetAttributes = {
					84FF541B1D1A983500072CD6 = {
						CreatedOnToolsVersion = 7.3.1;
					};
					84FF542F1D1A983500072CD6 = {
						CreatedOnToolsVersion = 7.3.1;
						TestTargetID = 84FF541B1D1A983500072CD6;
					};
					84FF543A1D1A983500072CD6 = {
						CreatedOnToolsVersion = 7.3.1;
						TestTargetID = 84FF541B1D1A983500072CD6;
					};
				};
			};
			buildConfigurationList = 84FF54171D1A983500072CD6 /* Build configuration list for PBXProject "mbc" */;
			compatibilityVersion = "Xcode 3.2";
			developmentRegion = English;
			hasScannedForEncodings = 0;
			knownRegions = (
				en,
				Base,
			);
			mainGroup = 84FF54131D1A983500072CD6;
			productRefGroup = 84FF541D1D1A983500072CD6 /* Products */;
			projectDirPath = "";
			projectRoot = "";
			targets = (
				84FF541B1D1A983500072CD6 /* mbc */,
				84FF542F1D1A983500072CD6 /* mbcTests */,
				84FF543A1D1A983500072CD6 /* mbcUITests */,
			);
		};
/* End PBXProject section */

/* Begin PBXResourcesBuildPhase section */
		84FF541A1D1A983500072CD6 /* Resources */ = {
			isa = PBXResourcesBuildPhase;
			buildActionMask = 2147483647;
			files = (
				84FF542A1D1A983500072CD6 /* LaunchScreen.storyboard in Resources */,
				84FF54271D1A983500072CD6 /* Assets.xcassets in Resources */,
				84FF54251D1A983500072CD6 /* Main.storyboard in Resources */,
			);
			runOnlyForDeploymentPostprocessing = 0;
		};
		84FF542E1D1A983500072CD6 /* Resources */ = {
			isa = PBXResourcesBuildPhase;
			buildActionMask = 2147483647;
			files = (
			);
			runOnlyForDeploymentPostprocessing = 0;
		};
		84FF54391D1A983500072CD6 /* Resources */ = {
			isa = PBXResourcesBuildPhase;
			buildActionMask = 2147483647;
			files = (
			);
			runOnlyForDeploymentPostprocessing = 0;
		};
/* End PBXResourcesBuildPhase section */

/* Begin PBXSourcesBuildPhase section */
		84FF54181D1A983500072CD6 /* Sources */ = {
			isa = PBXSourcesBuildPhase;
			buildActionMask = 2147483647;
			files = (
				84FF54221D1A983500072CD6 /* ViewController.swift in Sources */,
				84FF54201D1A983500072CD6 /* AppDelegate.swift in Sources */,
			);
			runOnlyForDeploymentPostprocessing = 0;
		};
		84FF542C1D1A983500072CD6 /* Sources */ = {
			isa = PBXSourcesBuildPhase;
			buildActionMask = 2147483647;
			files = (
				84FF54351D1A983500072CD6 /* mbcTests.swift in Sources */,
			);
			runOnlyForDeploymentPostprocessing = 0;
		};
		84FF54371D1A983500072CD6 /* Sources */ = {
			isa = PBXSourcesBuildPhase;
			buildActionMask = 2147483647;
			files = (
				84FF54401D1A983500072CD6 /* mbcUITests.swift in Sources */,
			);
			runOnlyForDeploymentPostprocessing = 0;
		};
/* End PBXSourcesBuildPhase section */

/* Begin PBXTargetDependency section */
		84FF54321D1A983500072CD6 /* PBXTargetDependency */ = {
			isa = PBXTargetDependency;
			target = 84FF541B1D1A983500072CD6 /* mbc */;
			targetProxy = 84FF54311D1A983500072CD6 /* PBXContainerItemProxy */;
		};
		84FF543D1D1A983500072CD6 /* PBXTargetDependency */ = {
			isa = PBXTargetDependency;
			target = 84FF541B1D1A983500072CD6 /* mbc */;
			targetProxy = 84FF543C1D1A983500072CD6 /* PBXContainerItemProxy */;
		};
/* End PBXTargetDependency section */

/* Begin PBXVariantGroup section */
		84FF54231D1A983500072CD6 /* Main.storyboard */ = {
			isa = PBXVariantGroup;
			children = (
				84FF54241D1A983500072CD6 /* Base */,
			);
			name = Main.storyboard;
			sourceTree = "<group>";
		};
		84FF54281D1A983500072CD6 /* LaunchScreen.storyboard */ = {
			isa = PBXVariantGroup;
			children = (
				84FF54291D1A983500072CD6 /* Base */,
			);
			name = LaunchScreen.storyboard;
			sourceTree = "<group>";
		};
/* End PBXVariantGroup section */

/* Begin XCBuildConfiguration section */
		84FF54421D1A983500072CD6 /* Debug */ = {
			isa = XCBuildConfiguration;
			buildSettings = {
				ALWAYS_SEARCH_USER_PATHS = NO;
				CLANG_ANALYZER_NONNULL = YES;
				CLANG_CXX_LANGUAGE_STANDARD = "gnu++0x";
				CLANG_CXX_LIBRARY = "libc++";
				CLANG_ENABLE_MODULES = YES;
				CLANG_ENABLE_OBJC_ARC = YES;
				CLANG_WARN_BOOL_CONVERSION = YES;
				CLANG_WARN_CONSTANT_CONVERSION = YES;
				CLANG_WARN_DIRECT_OBJC_ISA_USAGE = YES_ERROR;
				CLANG_WARN_EMPTY_BODY = YES;
				CLANG_WARN_ENUM_CONVERSION = YES;
				CLANG_WARN_INT_CONVERSION = YES;
				CLANG_WARN_OBJC_ROOT_CLASS = YES_ERROR;
				CLANG_WARN_UNREACHABLE_CODE = YES;
				CLANG_WARN__DUPLICATE_METHOD_MATCH = YES;
				"CODE_SIGN_IDENTITY[sdk=iphoneos*]" = "iPhone Developer";
				COPY_PHASE_STRIP = NO;
				DEBUG_INFORMATION_FORMAT = dwarf;
				ENABLE_STRICT_OBJC_MSGSEND = YES;
				ENABLE_TESTABILITY = YES;
				GCC_C_LANGUAGE_STANDARD = gnu99;
				GCC_DYNAMIC_NO_PIC = NO;
				GCC_NO_COMMON_BLOCKS = YES;
				GCC_OPTIMIZATION_LEVEL = 0;
				GCC_PREPROCESSOR_DEFINITIONS = (
					"DEBUG=1",
					"$(inherited)",
				);
				GCC_WARN_64_TO_32_BIT_CONVERSION = YES;
				GCC_WARN_ABOUT_RETURN_TYPE = YES_ERROR;
				GCC_WARN_UNDECLARED_SELECTOR = YES;
				GCC_WARN_UNINITIALIZED_AUTOS = YES_AGGRESSIVE;
				GCC_WARN_UNUSED_FUNCTION = YES;
				GCC_WARN_UNUSED_VARIABLE = YES;
				IPHONEOS_DEPLOYMENT_TARGET = 9.3;
				MTL_ENABLE_DEBUG_INFO = YES;
				ONLY_ACTIVE_ARCH = YES;
				SDKROOT = iphoneos;
				SWIFT_OPTIMIZATION_LEVEL = "-Onone";
			};
			name = Debug;
		};
		84FF54431D1A983500072CD6 /* Release */ = {
			isa = XCBuildConfiguration;
			buildSettings = {
				ALWAYS_SEARCH_USER_PATHS = NO;
				CLANG_ANALYZER_NONNULL = YES;
				CLANG_CXX_LANGUAGE_STANDARD = "gnu++0x";
				CLANG_CXX_LIBRARY = "libc++";
				CLANG_ENABLE_MODULES = YES;
				CLANG_ENABLE_OBJC_ARC = YES;
				CLANG_WARN_BOOL_CONVERSION = YES;
				CLANG_WARN_CONSTANT_CONVERSION = YES;
				CLANG_WARN_DIRECT_OBJC_ISA_USAGE = YES_ERROR;
				CLANG_WARN_EMPTY_BODY = YES;
				CLANG_WARN_ENUM_CONVERSION = YES;
				CLANG_WARN_INT_CONVERSION = YES;
				CLANG_WARN_OBJC_ROOT_CLASS = YES_ERROR;
				CLANG_WARN_UNREACHABLE_CODE = YES;
				CLANG_WARN__DUPLICATE_METHOD_MATCH = YES;
				"CODE_SIGN_IDENTITY[sdk=iphoneos*]" = "iPhone Developer";
				COPY_PHASE_STRIP = NO;
				DEBUG_INFORMATION_FORMAT = "dwarf-with-dsym";
				ENABLE_NS_ASSERTIONS = NO;
				ENABLE_STRICT_OBJC_MSGSEND = YES;
				GCC_C_LANGUAGE_STANDARD = gnu99;
				GCC_NO_COMMON_BLOCKS = YES;
				GCC_WARN_64_TO_32_BIT_CONVERSION = YES;
				GCC_WARN_ABOUT_RETURN_TYPE = YES_ERROR;
				GCC_WARN_UNDECLARED_SELECTOR = YES;
				GCC_WARN_UNINITIALIZED_AUTOS = YES_AGGRESSIVE;
				GCC_WARN_UNUSED_FUNCTION = YES;
				GCC_WARN_UNUSED_VARIABLE = YES;
				IPHONEOS_DEPLOYMENT_TARGET = 9.3;
				MTL_ENABLE_DEBUG_INFO = NO;
				SDKROOT = iphoneos;
				VALIDATE_PRODUCT = YES;
			};
			name = Release;
		};
		84FF54451D1A983500072CD6 /* Debug */ = {
			isa = XCBuildConfiguration;
			buildSettings = {
				ASSETCATALOG_COMPILER_APPICON_NAME = AppIcon;
				INFOPLIST_FILE = mbc/Info.plist;
				LD_RUNPATH_SEARCH_PATHS = "$(inherited) @executable_path/Frameworks";
				PRODUCT_BUNDLE_IDENTIFIER = imnu.mbc;
				PRODUCT_NAME = "$(TARGET_NAME)";
			};
			name = Debug;
		};
		84FF54461D1A983500072CD6 /* Release */ = {
			isa = XCBuildConfiguration;
			buildSettings = {
				ASSETCATALOG_COMPILER_APPICON_NAME = AppIcon;
				INFOPLIST_FILE = mbc/Info.plist;
				LD_RUNPATH_SEARCH_PATHS = "$(inherited) @executable_path/Frameworks";
				PRODUCT_BUNDLE_IDENTIFIER = imnu.mbc;
				PRODUCT_NAME = "$(TARGET_NAME)";
			};
			name = Release;
		};
		84FF54481D1A983500072CD6 /* Debug */ = {
			isa = XCBuildConfiguration;
			buildSettings = {
				BUNDLE_LOADER = "$(TEST_HOST)";
				INFOPLIST_FILE = mbcTests/Info.plist;
				LD_RUNPATH_SEARCH_PATHS = "$(inherited) @executable_path/Frameworks @loader_path/Frameworks";
				PRODUCT_BUNDLE_IDENTIFIER = imnu.mbcTests;
				PRODUCT_NAME = "$(TARGET_NAME)";
				TEST_HOST = "$(BUILT_PRODUCTS_DIR)/mbc.app/mbc";
			};
			name = Debug;
		};
		84FF54491D1A983500072CD6 /* Release */ = {
			isa = XCBuildConfiguration;
			buildSettings = {
				BUNDLE_LOADER = "$(TEST_HOST)";
				INFOPLIST_FILE = mbcTests/Info.plist;
				LD_RUNPATH_SEARCH_PATHS = "$(inherited) @executable_path/Frameworks @loader_path/Frameworks";
				PRODUCT_BUNDLE_IDENTIFIER = imnu.mbcTests;
				PRODUCT_NAME = "$(TARGET_NAME)";
				TEST_HOST = "$(BUILT_PRODUCTS_DIR)/mbc.app/mbc";
			};
			name = Release;
		};
		84FF544B1D1A983500072CD6 /* Debug */ = {
			isa = XCBuildConfiguration;
			buildSettings = {
				INFOPLIST_FILE = mbcUITests/Info.plist;
				LD_RUNPATH_SEARCH_PATHS = "$(inherited) @executable_path/Frameworks @loader_path/Frameworks";
				PRODUCT_BUNDLE_IDENTIFIER = imnu.mbcUITests;
				PRODUCT_NAME = "$(TARGET_NAME)";
				TEST_TARGET_NAME = mbc;
			};
			name = Debug;
		};
		84FF544C1D1A983500072CD6 /* Release */ = {
			isa = XCBuildConfiguration;
			buildSettings = {
				INFOPLIST_FILE = mbcUITests/Info.plist;
				LD_RUNPATH_SEARCH_PATHS = "$(inherited) @executable_path/Frameworks @loader_path/Frameworks";
				PRODUCT_BUNDLE_IDENTIFIER = imnu.mbcUITests;
				PRODUCT_NAME = "$(TARGET_NAME)";
				TEST_TARGET_NAME = mbc;
			};
			name = Release;
		};
/* End XCBuildConfiguration section */

/* Begin XCConfigurationList section */
		84FF54171D1A983500072CD6 /* Build configuration list for PBXProject "mbc" */ = {
			isa = XCConfigurationList;
			buildConfigurations = (
				84FF54421D1A983500072CD6 /* Debug */,
				84FF54431D1A983500072CD6 /* Release */,
			);
			defaultConfigurationIsVisible = 0;
			defaultConfigurationName = Release;
		};
		84FF54441D1A983500072CD6 /* Build configuration list for PBXNativeTarget "mbc" */ = {
			isa = XCConfigurationList;
			buildConfigurations = (
				84FF54451D1A983500072CD6 /* Debug */,
				84FF54461D1A983500072CD6 /* Release */,
			);
			defaultConfigurationIsVisible = 0;
		};
		84FF54471D1A983500072CD6 /* Build configuration list for PBXNativeTarget "mbcTests" */ = {
			isa = XCConfigurationList;
			buildConfigurations = (
				84FF54481D1A983500072CD6 /* Debug */,
				84FF54491D1A983500072CD6 /* Release */,
			);
			defaultConfigurationIsVisible = 0;
		};
		84FF544A1D1A983500072CD6 /* Build configuration list for PBXNativeTarget "mbcUITests" */ = {
			isa = XCConfigurationList;
			buildConfigurations = (
				84FF544B1D1A983500072CD6 /* Debug */,
				84FF544C1D1A983500072CD6 /* Release */,
			);
			defaultConfigurationIsVisible = 0;
		};
/* End XCConfigurationList section */
	};
	rootObject = 84FF54141D1A983500072CD6 /* Project object */;
}
